github.com/ik5/smshandler v0.0.9 h1:O4aWV/47o0RTyJamnd2hGWtCMEZKdg9xMa3soSs5Y6o=
github.com/ik5/smshandler v0.0.9/go.mod h1:Ps87eZMlJ2SKQWcL8sdX0uI6D5WuASnQLOLhDKHOw1k=
github.com/ik5/smshandler v0.0.10 h1:Gv5CIMu5TGkZPNyPNahO9x8S5fv1MphpjmeuJY+R5zc=
github.com/ik5/smshandler v0.0.10/go.mod h1:Ps87eZMlJ2SKQWcL8sdX0uI6D5WuASnQLOLhDKHOw1k=
